
Microsoft Visual Studio Solution File, Format Version 12.00
# Visual Studio 15
VisualStudioVersion = 15.0.27130.2027
MinimumVisualStudioVersion = 10.0.40219.1
Project("{9A19103F-16F7-4668-BE54-9A1E7A4F7556}") = "CopperWire", "CopperWire\CopperWire.csproj", "{CF479A73-6528-43BF-A002-912C28EA26BE}"
EndProject
Project("{2150E333-8FDC-42A3-9474-1A3956D46DE8}") = "GitHub", "GitHub", "{D5480DBC-8E99-47BC-8320-10C1761AA220}"
	ProjectSection(SolutionItems) = preProject
		BUILDING.MD = BUILDING.MD
		LICENSE.TXT = LICENSE.TXT
		NOTICE.TXT = NOTICE.TXT
		README.MD = README.MD
	EndProjectSection
EndProject
Project("{2150E333-8FDC-42A3-9474-1A3956D46DE8}") = "Build", "Build", "{E74B5847-FB60-4167-B5DD-F2F32FFD2A8B}"
	ProjectSection(SolutionItems) = preProject
		appveyor.yml = appveyor.yml
		CopperWire.targets = CopperWire.targets
		oneclick-rebuild.ps1 = oneclick-rebuild.ps1
		rebuild-all.ps1 = rebuild-all.ps1
		rebuild-docs.ps1 = rebuild-docs.ps1
		rebuild-lib.ps1 = rebuild-lib.ps1
		rebuild-linux.ps1 = rebuild-linux.ps1
		rebuild-micro.ps1 = rebuild-micro.ps1
	EndProjectSection
EndProject
Project("{2150E333-8FDC-42A3-9474-1A3956D46DE8}") = ".github", ".github", "{F305A85C-2520-4CD3-83C1-9A0FC6819030}"
	ProjectSection(SolutionItems) = preProject
		.github\ISSUE_TEMPLATE.MD = .github\ISSUE_TEMPLATE.MD
		.github\PULL_REQUEST_TEMPLATE.MD = .github\PULL_REQUEST_TEMPLATE.MD
	EndProjectSection
EndProject
Project("{FAE04EC0-301F-11D3-BF4B-00C04F79EFBC}") = "CopperWire.Test", "CopperWire.Test\CopperWire.Test.csproj", "{29549C34-2CE6-4C15-9267-D58864E2470B}"
EndProject
Global
	GlobalSection(SolutionConfigurationPlatforms) = preSolution
		Debug|Any CPU = Debug|Any CPU
		Release|Any CPU = Release|Any CPU
	EndGlobalSection
	GlobalSection(ProjectConfigurationPlatforms) = postSolution
		{CF479A73-6528-43BF-A002-912C28EA26BE}.Debug|Any CPU.ActiveCfg = Debug|Any CPU
		{CF479A73-6528-43BF-A002-912C28EA26BE}.Debug|Any CPU.Build.0 = Debug|Any CPU
		{CF479A73-6528-43BF-A002-912C28EA26BE}.Release|Any CPU.ActiveCfg = Release|Any CPU
		{CF479A73-6528-43BF-A002-912C28EA26BE}.Release|Any CPU.Build.0 = Release|Any CPU
		{29549C34-2CE6-4C15-9267-D58864E2470B}.Debug|Any CPU.ActiveCfg = Debug|Any CPU
		{29549C34-2CE6-4C15-9267-D58864E2470B}.Debug|Any CPU.Build.0 = Debug|Any CPU
		{29549C34-2CE6-4C15-9267-D58864E2470B}.Release|Any CPU.ActiveCfg = Release|Any CPU
		{29549C34-2CE6-4C15-9267-D58864E2470B}.Release|Any CPU.Build.0 = Release|Any CPU
	EndGlobalSection
	GlobalSection(SolutionProperties) = preSolution
		HideSolutionNode = FALSE
	EndGlobalSection
	GlobalSection(NestedProjects) = preSolution
		{F305A85C-2520-4CD3-83C1-9A0FC6819030} = {D5480DBC-8E99-47BC-8320-10C1761AA220}
	EndGlobalSection
	GlobalSection(ExtensibilityGlobals) = postSolution
		SolutionGuid = {1E3A994C-883F-4091-B8C2-38DEB5EC3678}
	EndGlobalSection
EndGlobal
